
Microsoft Visual Studio Solution File, Format Version 12.00
# Visual Studio Express 2013 for Windows Desktop
VisualStudioVersion = 12.0.20617.1 PREVIEW
MinimumVisualStudioVersion = 10.0.40219.1
Project("{8BC9CEB8-8B4A-11D0-8D11-00A0C91BC942}") = "PasswordMgr", "PasswordMgr\PasswordMgr.vcxproj", "{7184684A-B0FD-455B-9512-0B9508582586}"
	ProjectSection(ProjectDependencies) = postProject
		{3FFB628F-A3EA-46A3-9758-3F512CFD984C} = {3FFB628F-A3EA-46A3-9758-3F512CFD984C}
	EndProjectSection
EndProject
Project("{8BC9CEB8-8B4A-11D0-8D11-00A0C91BC942}") = "PwdLib", "PwdLib\PwdLib.vcxproj", "{3FFB628F-A3EA-46A3-9758-3F512CFD984C}"
EndProject
Project("{8BC9CEB8-8B4A-11D0-8D11-00A0C91BC942}") = "pwdgen", "pwdgen\pwdgen.vcxproj", "{4CF17494-4697-4AF4-8B8C-1A6E4B92197B}"
	ProjectSection(ProjectDependencies) = postProject
		{3FFB628F-A3EA-46A3-9758-3F512CFD984C} = {3FFB628F-A3EA-46A3-9758-3F512CFD984C}
	EndProjectSection
EndProject
Global
	GlobalSection(SolutionConfigurationPlatforms) = preSolution
		Debug|Win32 = Debug|Win32
		Release|Win32 = Release|Win32
	EndGlobalSection
	GlobalSection(ProjectConfigurationPlatforms) = postSolution
		{7184684A-B0FD-455B-9512-0B9508582586}.Debug|Win32.ActiveCfg = Debug|Win32
		{7184684A-B0FD-455B-9512-0B9508582586}.Debug|Win32.Build.0 = Debug|Win32
		{7184684A-B0FD-455B-9512-0B9508582586}.Release|Win32.ActiveCfg = Release|Win32
		{7184684A-B0FD-455B-9512-0B9508582586}.Release|Win32.Build.0 = Release|Win32
		{3FFB628F-A3EA-46A3-9758-3F512CFD984C}.Debug|Win32.ActiveCfg = Debug|Win32
		{3FFB628F-A3EA-46A3-9758-3F512CFD984C}.Debug|Win32.Build.0 = Debug|Win32
		{3FFB628F-A3EA-46A3-9758-3F512CFD984C}.Release|Win32.ActiveCfg = Release|Win32
		{3FFB628F-A3EA-46A3-9758-3F512CFD984C}.Release|Win32.Build.0 = Release|Win32
		{4CF17494-4697-4AF4-8B8C-1A6E4B92197B}.Debug|Win32.ActiveCfg = Debug|Win32
		{4CF17494-4697-4AF4-8B8C-1A6E4B92197B}.Debug|Win32.Build.0 = Debug|Win32
		{4CF17494-4697-4AF4-8B8C-1A6E4B92197B}.Release|Win32.ActiveCfg = Release|Win32
		{4CF17494-4697-4AF4-8B8C-1A6E4B92197B}.Release|Win32.Build.0 = Release|Win32
	EndGlobalSection
	GlobalSection(SolutionProperties) = preSolution
		HideSolutionNode = FALSE
	EndGlobalSection
EndGlobal
